
Microsoft Visual Studio Solution File, Format Version 12.00
# Visual Studio Version 16
VisualStudioVersion = 16.0.31112.23
MinimumVisualStudioVersion = 10.0.40219.1
Project("{9A19103F-16F7-4668-BE54-9A1E7A4F7556}") = "Mood_Test", "Mood_Test.csproj", "{5D7869FE-E1BE-463A-A788-C6D4E5EFA52C}"
EndProject
Project("{FAE04EC0-301F-11D3-BF4B-00C04F79EFBC}") = "UnitTestProject2", "..\UnitTestProject2\UnitTestProject2.csproj", "{3BBF14F9-76FA-4B23-82FB-6C68E7B4C0F0}"
EndProject
Global
	GlobalSection(SolutionConfigurationPlatforms) = preSolution
		Debug|Any CPU = Debug|Any CPU
		Release|Any CPU = Release|Any CPU
	EndGlobalSection
	GlobalSection(ProjectConfigurationPlatforms) = postSolution
		{5D7869FE-E1BE-463A-A788-C6D4E5EFA52C}.Debug|Any CPU.ActiveCfg = Debug|Any CPU
		{5D7869FE-E1BE-463A-A788-C6D4E5EFA52C}.Debug|Any CPU.Build.0 = Debug|Any CPU
		{5D7869FE-E1BE-463A-A788-C6D4E5EFA52C}.Release|Any CPU.ActiveCfg = Release|Any CPU
		{5D7869FE-E1BE-463A-A788-C6D4E5EFA52C}.Release|Any CPU.Build.0 = Release|Any CPU
		{3BBF14F9-76FA-4B23-82FB-6C68E7B4C0F0}.Debug|Any CPU.ActiveCfg = Debug|Any CPU
		{3BBF14F9-76FA-4B23-82FB-6C68E7B4C0F0}.Debug|Any CPU.Build.0 = Debug|Any CPU
		{3BBF14F9-76FA-4B23-82FB-6C68E7B4C0F0}.Release|Any CPU.ActiveCfg = Release|Any CPU
		{3BBF14F9-76FA-4B23-82FB-6C68E7B4C0F0}.Release|Any CPU.Build.0 = Release|Any CPU
	EndGlobalSection
	GlobalSection(SolutionProperties) = preSolution
		HideSolutionNode = FALSE
	EndGlobalSection
	GlobalSection(ExtensibilityGlobals) = postSolution
		SolutionGuid = {C9FCC51F-1716-43AE-8BA3-87FCAF9835F0}
	EndGlobalSection
EndGlobal
